github.com/BurntSushi/toml v0.3.1 h1:WXkYYl6Yr3qBf1K79EBnL4mak0OimBfB0XUf9Vl28OQ=
github.com/BurntSushi/toml v0.3.1/go.mod h1:xHWCNGjB5oqiDr8zfno3MHue2Ht5sIBksp03qcyfWMU=
github.com/go-mail/mail v2.3.1+incompatible h1:UzNOn0k5lpfVtO31cK3hn6I4VEVGhe3lX8AJBAxXExM=
github.com/go-mail/mail v2.3.1+incompatible/go.mod h1:VPWjmmNyRsWXQZHVHT3g0YbIINUkSmuKOiLIDkWbL6M=
